
Microsoft Visual Studio Solution File, Format Version 12.00
# Visual Studio Version 17
VisualStudioVersion = 17.7.34221.43
MinimumVisualStudioVersion = 10.0.40219.1
Project("{FAE04EC0-301F-11D3-BF4B-00C04F79EFBC}") = "Masked_textBox_PictureBox", "Masked_textBox_PictureBox\Masked_textBox_PictureBox.csproj", "{9A8E1B2C-4966-4211-B169-27DE46C00624}"
EndProject
Global
	GlobalSection(SolutionConfigurationPlatforms) = preSolution
		Debug|Any CPU = Debug|Any CPU
		Release|Any CPU = Release|Any CPU
	EndGlobalSection
	GlobalSection(ProjectConfigurationPlatforms) = postSolution
		{9A8E1B2C-4966-4211-B169-27DE46C00624}.Debug|Any CPU.ActiveCfg = Debug|Any CPU
		{9A8E1B2C-4966-4211-B169-27DE46C00624}.Debug|Any CPU.Build.0 = Debug|Any CPU
		{9A8E1B2C-4966-4211-B169-27DE46C00624}.Release|Any CPU.ActiveCfg = Release|Any CPU
		{9A8E1B2C-4966-4211-B169-27DE46C00624}.Release|Any CPU.Build.0 = Release|Any CPU
	EndGlobalSection
	GlobalSection(SolutionProperties) = preSolution
		HideSolutionNode = FALSE
	EndGlobalSection
	GlobalSection(ExtensibilityGlobals) = postSolution
		SolutionGuid = {311B3C69-6770-453B-B214-9BE014C9F665}
	EndGlobalSection
EndGlobal
